
Microsoft Visual Studio Solution File, Format Version 12.00
# Visual Studio Version 17
VisualStudioVersion = 17.13.35931.197 d17.13
MinimumVisualStudioVersion = 10.0.40219.1
Project("{FAE04EC0-301F-11D3-BF4B-00C04F79EFBC}") = "HelloGame", "HelloGame\HelloGame.csproj", "{DC77E4B1-A3D6-4014-8D69-B5533FDF6C22}"
EndProject
Global
	GlobalSection(SolutionConfigurationPlatforms) = preSolution
		Debug|Any CPU = Debug|Any CPU
		Release|Any CPU = Release|Any CPU
	EndGlobalSection
	GlobalSection(ProjectConfigurationPlatforms) = postSolution
		{DC77E4B1-A3D6-4014-8D69-B5533FDF6C22}.Debug|Any CPU.ActiveCfg = Debug|Any CPU
		{DC77E4B1-A3D6-4014-8D69-B5533FDF6C22}.Debug|Any CPU.Build.0 = Debug|Any CPU
		{DC77E4B1-A3D6-4014-8D69-B5533FDF6C22}.Release|Any CPU.ActiveCfg = Release|Any CPU
		{DC77E4B1-A3D6-4014-8D69-B5533FDF6C22}.Release|Any CPU.Build.0 = Release|Any CPU
	EndGlobalSection
	GlobalSection(SolutionProperties) = preSolution
		HideSolutionNode = FALSE
	EndGlobalSection
	GlobalSection(ExtensibilityGlobals) = postSolution
		SolutionGuid = {C8C15F2B-082C-4B4C-B45E-05FD89C4562D}
	EndGlobalSection
EndGlobal
